version = 1
revision = 3
requires-python = ">=3.12"

[[package]]
name = "annotated-types"
version = "0.7.0"
source = { registry = "https://pypi.org/simple" }
sdist = { url = "https://files.pythonhosted.org/packages/ee/67/531ea369ba64dcff5ec9c3402f9f51bf748cec26dde048a2f973a4eea7f5/annotated_types-0.7.0.tar.gz", hash = "sha256:aff07c09a53a08bc8cfccb9c85b05f1aa9a2a6f23728d790723543408344ce89", size = 16081, upload-time = "2024-05-20T21:33:25.928Z" }
wheels = [
    { url = "https://files.pythonhosted.org/packages/78/b6/6307fbef88d9b5ee7421e68d78a9f162e0da4900bc5f5793f6d3d0e34fb8/annotated_types-0.7.0-py3-none-any.whl", hash = "sha256:1f02e8b43a8fbbc3f3e0d4f0f4bfc8131bcb4eebe8849b8e5c773f3a1c582a53", size = 13643, upload-time = "2024-05-20T21:33:24.1Z" },
]

[[package]]
name = "asgiref"
version = "3.11.0"
source = { registry = "https://pypi.org/simple" }
sdist = { url = "https://files.pythonhosted.org/packages/76/b9/4db2509eabd14b4a8c71d1b24c8d5734c52b8560a7b1e1a8b56c8d25568b/asgiref-3.11.0.tar.gz", hash = "sha256:13acff32519542a1736223fb79a715acdebe24286d98e8b164a73085f40da2c4", size = 37969, upload-time = "2025-11-19T15:32:20.106Z" }
wheels = [
    { url = "https://files.pythonhosted.org/packages/91/be/317c2c55b8bbec407257d45f5c8d1b6867abc76d12043f2d3d58c538a4ea/asgiref-3.11.0-py3-none-any.whl", hash = "sha256:1db9021efadb0d9512ce8ffaf72fcef601c7b73a8807a1bb2ef143dc6b14846d", size = 24096, upload-time = "2025-11-19T15:32:19.004Z" },
]

[[package]]
name = "backend"
version = "0.1.0"
source = { virtual = "." }
dependencies = [
    { name = "django" },
    { name = "django-cors-headers" },
    { name = "django-shinobi" },
    { name = "psycopg" },
    { name = "psycopg-binary" },
]

[package.metadata]
requires-dist = [
    { name = "django", specifier = ">=6.0.1" },
    { name = "django-cors-headers", specifier = ">=4.9.0" },
    { name = "django-shinobi", specifier = ">=1.4.0" },
    { name = "psycopg", specifier = ">=3.3.2" },
    { name = "psycopg-binary", specifier = ">=3.3.2" },
]

[[package]]
name = "django"
version = "6.0.1"
source = { registry = "https://pypi.org/simple" }
dependencies = [
    { name = "asgiref" },
    { name = "sqlparse" },
    { name = "tzdata", marker = "sys_platform == 'win32'" },
]
sdist = { url = "https://files.pythonhosted.org/packages/b5/9b/016f7e55e855ee738a352b05139d4f8b278d0b451bd01ebef07456ef3b0e/django-6.0.1.tar.gz", hash = "sha256:ed76a7af4da21551573b3d9dfc1f53e20dd2e6c7d70a3adc93eedb6338130a5f", size = 11069565, upload-time = "2026-01-06T18:55:53.069Z" }
wheels = [
    { url = "https://files.pythonhosted.org/packages/95/b5/814ed98bd21235c116fd3436a7ed44d47560329a6d694ec8aac2982dbb93/django-6.0.1-py3-none-any.whl", hash = "sha256:a92a4ff14f664a896f9849009cb8afaca7abe0d6fc53325f3d1895a15253433d", size = 8338791, upload-time = "2026-01-06T18:55:46.175Z" },
]

[[package]]
name = "django-cors-headers"
version = "4.9.0"
source = { registry = "https://pypi.org/simple" }
dependencies = [
    { name = "asgiref" },
    { name = "django" },
]
sdist = { url = "https://files.pythonhosted.org/packages/21/39/55822b15b7ec87410f34cd16ce04065ff390e50f9e29f31d6d116fc80456/django_cors_headers-4.9.0.tar.gz", hash = "sha256:fe5d7cb59fdc2c8c646ce84b727ac2bca8912a247e6e68e1fb507372178e59e8", size = 21458, upload-time = "2025-09-18T10:40:52.326Z" }
wheels = [
    { url = "https://files.pythonhosted.org/packages/30/d8/19ed1e47badf477d17fb177c1c19b5a21da0fd2d9f093f23be3fb86c5fab/django_cors_headers-4.9.0-py3-none-any.whl", hash = "sha256:15c7f20727f90044dcee2216a9fd7303741a864865f0c3657e28b7056f61b449", size = 12809, upload-time = "2025-09-18T10:40:50.843Z" },
]

[[package]]
name = "django-shinobi"
version = "1.4.0"
source = { registry = "https://pypi.org/simple" }
dependencies = [
    { name = "django" },
    { name = "pydantic" },
]
sdist = { url = "https://files.pythonhosted.org/packages/dc/c1/73fc6f2524ac424ff9514a4cae3774f3244e67cb5e606c9588cf77e12220/django_shinobi-1.4.0.tar.gz", hash = "sha256:8a9b10cf996e08120c8b399ac47e8bd4f99aa0d4516b90dd55676f71881e3e97", size = 3719280, upload-time = "2025-08-26T21:20:52.836Z" }
wheels = [
    { url = "https://files.pythonhosted.org/packages/80/83/9d5da51836be6258f0af32008bceb0abf57ae73bf50a4e2c152fc511e6b2/django_shinobi-1.4.0-py3-none-any.whl", hash = "sha256:844044763d2bacf9d5a30cf00070896fcdd9a44f07be390bcc3051ef67ea98f9", size = 2429465, upload-time = "2025-08-26T21:20:51.112Z" },
]

[[package]]
name = "psycopg"
version = "3.3.2"
source = { registry = "https://pypi.org/simple" }
dependencies = [
    { name = "typing-extensions", marker = "python_full_version < '3.13'" },
    { name = "tzdata", marker = "sys_platform == 'win32'" },
]
sdist = { url = "https://files.pythonhosted.org/packages/e0/1a/7d9ef4fdc13ef7f15b934c393edc97a35c281bb7d3c3329fbfcbe915a7c2/psycopg-3.3.2.tar.gz", hash = "sha256:707a67975ee214d200511177a6a80e56e654754c9afca06a7194ea6bbfde9ca7", size = 165630, upload-time = "2025-12-06T17:34:53.899Z" }
wheels = [
    { url = "https://files.pythonhosted.org/packages/8c/51/2779ccdf9305981a06b21a6b27e8547c948d85c41c76ff434192784a4c93/psycopg-3.3.2-py3-none-any.whl", hash = "sha256:3e94bc5f4690247d734599af56e51bae8e0db8e4311ea413f801fef82b14a99b", size = 212774, upload-time = "2025-12-06T17:31:41.414Z" },
]

[[package]]
name = "psycopg-binary"
version = "3.3.2"
source = { registry = "https://pypi.org/simple" }
wheels = [
    { url = "https://files.pythonhosted.org/packages/4e/1e/8614b01c549dd7e385dacdcd83fe194f6b3acb255a53cc67154ee6bf00e7/psycopg_binary-3.3.2-cp312-cp312-macosx_10_13_x86_64.whl", hash = "sha256:a9387ab615f929e71ef0f4a8a51e986fa06236ccfa9f3ec98a88f60fbf230634", size = 4579832, upload-time = "2025-12-06T17:33:01.388Z" },
    { url = "https://files.pythonhosted.org/packages/26/97/0bb093570fae2f4454d42c1ae6000f15934391867402f680254e4a7def54/psycopg_binary-3.3.2-cp312-cp312-macosx_11_0_arm64.whl", hash = "sha256:3ff7489df5e06c12d1829544eaec64970fe27fe300f7cf04c8495fe682064688", size = 4658786, upload-time = "2025-12-06T17:33:05.022Z" },
    { url = "https://files.pythonhosted.org/packages/61/20/1d9383e3f2038826900a14137b0647d755f67551aab316e1021443105ed5/psycopg_binary-3.3.2-cp312-cp312-manylinux2014_ppc64le.manylinux_2_17_ppc64le.whl", hash = "sha256:9742580ecc8e1ac45164e98d32ca6df90da509c2d3ff26be245d94c430f92db4", size = 5454896, upload-time = "2025-12-06T17:33:09.023Z" },
    { url = "https://files.pythonhosted.org/packages/a6/62/513c80ad8bbb545e364f7737bf2492d34a4c05eef4f7b5c16428dc42260d/psycopg_binary-3.3.2-cp312-cp312-manylinux2014_x86_64.manylinux_2_17_x86_64.whl", hash = "sha256:d45acedcaa58619355f18e0f42af542fcad3fd84ace4b8355d3a5dea23318578", size = 5132731, upload-time = "2025-12-06T17:33:12.519Z" },
    { url = "https://files.pythonhosted.org/packages/f3/28/ddf5f5905f088024bccb19857949467407c693389a14feb527d6171d8215/psycopg_binary-3.3.2-cp312-cp312-manylinux_2_27_aarch64.manylinux_2_28_aarch64.whl", hash = "sha256:d88f32ff8c47cb7f4e7e7a9d1747dcee6f3baa19ed9afa9e5694fd2fb32b61ed", size = 6724495, upload-time = "2025-12-06T17:33:16.624Z" },
    { url = "https://files.pythonhosted.org/packages/6e/93/a1157ebcc650960b264542b547f7914d87a42ff0cc15a7584b29d5807e6b/psycopg_binary-3.3.2-cp312-cp312-manylinux_2_38_riscv64.manylinux_2_39_riscv64.whl", hash = "sha256:59d0163c4617a2c577cb34afbed93d7a45b8c8364e54b2bd2020ff25d5f5f860", size = 4964979, upload-time = "2025-12-06T17:33:20.179Z" },
    { url = "https://files.pythonhosted.org/packages/0e/27/65939ba6798f9c5be4a5d9cd2061ebaf0851798525c6811d347821c8132d/psycopg_binary-3.3.2-cp312-cp312-musllinux_1_2_aarch64.whl", hash = "sha256:e750afe74e6c17b2c7046d2c3e3173b5a3f6080084671c8aa327215323df155b", size = 4493648, upload-time = "2025-12-06T17:33:23.464Z" },
    { url = "https://files.pythonhosted.org/packages/8a/c4/5e9e4b9b1c1e27026e43387b0ba4aaf3537c7806465dd3f1d5bde631752a/psycopg_binary-3.3.2-cp312-cp312-musllinux_1_2_ppc64le.whl", hash = "sha256:f26f113013c4dcfbfe9ced57b5bad2035dda1a7349f64bf726021968f9bccad3", size = 4173392, upload-time = "2025-12-06T17:33:26.88Z" },
    { url = "https://files.pythonhosted.org/packages/c6/81/cf43fb76993190cee9af1cbcfe28afb47b1928bdf45a252001017e5af26e/psycopg_binary-3.3.2-cp312-cp312-musllinux_1_2_riscv64.whl", hash = "sha256:8309ee4569dced5e81df5aa2dcd48c7340c8dee603a66430f042dfbd2878edca", size = 3909241, upload-time = "2025-12-06T17:33:30.092Z" },
    { url = "https://files.pythonhosted.org/packages/9d/20/c6377a0d17434674351627489deca493ea0b137c522b99c81d3a106372c8/psycopg_binary-3.3.2-cp312-cp312-musllinux_1_2_x86_64.whl", hash = "sha256:c6464150e25b68ae3cb04c4e57496ea11ebfaae4d98126aea2f4702dd43e3c12", size = 4219746, upload-time = "2025-12-06T17:33:33.097Z" },
    { url = "https://files.pythonhosted.org/packages/25/32/716c57b28eefe02a57a4c9d5bf956849597f5ea476c7010397199e56cfde/psycopg_binary-3.3.2-cp312-cp312-win_amd64.whl", hash = "sha256:716a586f99bbe4f710dc58b40069fcb33c7627e95cc6fc936f73c9235e07f9cf", size = 3537494, upload-time = "2025-12-06T17:33:35.82Z" },
    { url = "https://files.pythonhosted.org/packages/14/73/7ca7cb22b9ac7393fb5de7d28ca97e8347c375c8498b3bff2c99c1f38038/psycopg_binary-3.3.2-cp313-cp313-macosx_10_13_x86_64.whl", hash = "sha256:fc5a189e89cbfff174588665bb18d28d2d0428366cc9dae5864afcaa2e57380b", size = 4579068, upload-time = "2025-12-06T17:33:39.303Z" },
    { url = "https://files.pythonhosted.org/packages/f5/42/0cf38ff6c62c792fc5b55398a853a77663210ebd51ed6f0c4a05b06f95a6/psycopg_binary-3.3.2-cp313-cp313-macosx_11_0_arm64.whl", hash = "sha256:083c2e182be433f290dc2c516fd72b9b47054fcd305cce791e0a50d9e93e06f2", size = 4657520, upload-time = "2025-12-06T17:33:42.536Z" },
    { url = "https://files.pythonhosted.org/packages/3b/60/df846bc84cbf2231e01b0fff48b09841fe486fa177665e50f4995b1bfa44/psycopg_binary-3.3.2-cp313-cp313-manylinux2014_ppc64le.manylinux_2_17_ppc64le.whl", hash = "sha256:ac230e3643d1c436a2dfb59ca84357dfc6862c9f372fc5dbd96bafecae581f9f", size = 5452086, upload-time = "2025-12-06T17:33:46.54Z" },
    { url = "https://files.pythonhosted.org/packages/ab/85/30c846a00db86b1b53fd5bfd4b4edfbd0c00de8f2c75dd105610bd7568fc/psycopg_binary-3.3.2-cp313-cp313-manylinux2014_x86_64.manylinux_2_17_x86_64.whl", hash = "sha256:d8c899a540f6c7585cee53cddc929dd4d2db90fd828e37f5d4017b63acbc1a5d", size = 5131125, upload-time = "2025-12-06T17:33:50.413Z" },
    { url = "https://files.pythonhosted.org/packages/6d/15/9968732013373f36f8a2a3fb76104dffc8efd9db78709caa5ae1a87b1f80/psycopg_binary-3.3.2-cp313-cp313-manylinux_2_27_aarch64.manylinux_2_28_aarch64.whl", hash = "sha256:50ff10ab8c0abdb5a5451b9315538865b50ba64c907742a1385fdf5f5772b73e", size = 6722914, upload-time = "2025-12-06T17:33:54.544Z" },
    { url = "https://files.pythonhosted.org/packages/b2/ba/29e361fe02143ac5ff5a1ca3e45697344cfbebe2eaf8c4e7eec164bff9a0/psycopg_binary-3.3.2-cp313-cp313-manylinux_2_38_riscv64.manylinux_2_39_riscv64.whl", hash = "sha256:23d2594af848c1fd3d874a9364bef50730124e72df7bb145a20cb45e728c50ed", size = 4966081, upload-time = "2025-12-06T17:33:58.477Z" },
    { url = "https://files.pythonhosted.org/packages/99/45/1be90c8f1a1a237046903e91202fb06708745c179f220b361d6333ed7641/psycopg_binary-3.3.2-cp313-cp313-musllinux_1_2_aarch64.whl", hash = "sha256:ea4fe6b4ead3bbbe27244ea224fcd1f53cb119afc38b71a2f3ce570149a03e30", size = 4493332, upload-time = "2025-12-06T17:34:02.011Z" },
    { url = "https://files.pythonhosted.org/packages/2e/b5/bbdc07d5f0a5e90c617abd624368182aa131485e18038b2c6c85fc054aed/psycopg_binary-3.3.2-cp313-cp313-musllinux_1_2_ppc64le.whl", hash = "sha256:742ce48cde825b8e52fb1a658253d6d1ff66d152081cbc76aa45e2986534858d", size = 4170781, upload-time = "2025-12-06T17:34:05.298Z" },
    { url = "https://files.pythonhosted.org/packages/d1/2a/0d45e4f4da2bd78c3237ffa03475ef3751f69a81919c54a6e610eb1a7c96/psycopg_binary-3.3.2-cp313-cp313-musllinux_1_2_riscv64.whl", hash = "sha256:e22bf6b54df994aff37ab52695d635f1ef73155e781eee1f5fa75bc08b58c8da", size = 3910544, upload-time = "2025-12-06T17:34:08.251Z" },
    { url = "https://files.pythonhosted.org/packages/3a/62/a8e0f092f4dbef9a94b032fb71e214cf0a375010692fbe7493a766339e47/psycopg_binary-3.3.2-cp313-cp313-musllinux_1_2_x86_64.whl", hash = "sha256:8db9034cde3bcdafc66980f0130813f5c5d19e74b3f2a19fb3cfbc25ad113121", size = 4220070, upload-time = "2025-12-06T17:34:11.392Z" },
    { url = "https://files.pythonhosted.org/packages/09/e6/5fc8d8aff8afa114bb4a94a0341b9309311e8bf3ab32d816032f8b984d4e/psycopg_binary-3.3.2-cp313-cp313-win_amd64.whl", hash = "sha256:df65174c7cf6b05ea273ce955927d3270b3a6e27b0b12762b009ce6082b8d3fc", size = 3540922, upload-time = "2025-12-06T17:34:14.88Z" },
    { url = "https://files.pythonhosted.org/packages/bd/75/ad18c0b97b852aba286d06befb398cc6d383e9dfd0a518369af275a5a526/psycopg_binary-3.3.2-cp314-cp314-macosx_10_15_x86_64.whl", hash = "sha256:9ca24062cd9b2270e4d77576042e9cc2b1d543f09da5aba1f1a3d016cea28390", size = 4596371, upload-time = "2025-12-06T17:34:18.007Z" },
    { url = "https://files.pythonhosted.org/packages/5a/79/91649d94c8d89f84af5da7c9d474bfba35b08eb8f492ca3422b08f0a6427/psycopg_binary-3.3.2-cp314-cp314-macosx_11_0_arm64.whl", hash = "sha256:c749770da0947bc972e512f35366dd4950c0e34afad89e60b9787a37e97cb443", size = 4675139, upload-time = "2025-12-06T17:34:21.374Z" },
    { url = "https://files.pythonhosted.org/packages/56/ac/b26e004880f054549ec9396594e1ffe435810b0673e428e619ed722e4244/psycopg_binary-3.3.2-cp314-cp314-manylinux2014_ppc64le.manylinux_2_17_ppc64le.whl", hash = "sha256:03b7cd73fb8c45d272a34ae7249713e32492891492681e3cf11dff9531cf37e9", size = 5456120, upload-time = "2025-12-06T17:34:25.102Z" },
    { url = "https://files.pythonhosted.org/packages/4b/8d/410681dccd6f2999fb115cc248521ec50dd2b0aba66ae8de7e81efdebbee/psycopg_binary-3.3.2-cp314-cp314-manylinux2014_x86_64.manylinux_2_17_x86_64.whl", hash = "sha256:43b130e3b6edcb5ee856c7167ccb8561b473308c870ed83978ae478613764f1c", size = 5133484, upload-time = "2025-12-06T17:34:28.933Z" },
    { url = "https://files.pythonhosted.org/packages/66/30/ebbab99ea2cfa099d7b11b742ce13415d44f800555bfa4ad2911dc645b71/psycopg_binary-3.3.2-cp314-cp314-manylinux_2_27_aarch64.manylinux_2_28_aarch64.whl", hash = "sha256:7c1feba5a8c617922321aef945865334e468337b8fc5c73074f5e63143013b5a", size = 6731818, upload-time = "2025-12-06T17:34:33.094Z" },
    { url = "https://files.pythonhosted.org/packages/70/02/d260646253b7ad805d60e0de47f9b811d6544078452579466a098598b6f4/psycopg_binary-3.3.2-cp314-cp314-manylinux_2_38_riscv64.manylinux_2_39_riscv64.whl", hash = "sha256:cabb2a554d9a0a6bf84037d86ca91782f087dfff2a61298d0b00c19c0bc43f6d", size = 4983859, upload-time = "2025-12-06T17:34:36.457Z" },
    { url = "https://files.pythonhosted.org/packages/72/8d/e778d7bad1a7910aa36281f092bd85c5702f508fd9bb0ea2020ffbb6585c/psycopg_binary-3.3.2-cp314-cp314-musllinux_1_2_aarch64.whl", hash = "sha256:74bc306c4b4df35b09bc8cecf806b271e1c5d708f7900145e4e54a2e5dedfed0", size = 4516388, upload-time = "2025-12-06T17:34:40.129Z" },
    { url = "https://files.pythonhosted.org/packages/bd/f1/64e82098722e2ab3521797584caf515284be09c1e08a872551b6edbb0074/psycopg_binary-3.3.2-cp314-cp314-musllinux_1_2_ppc64le.whl", hash = "sha256:d79b0093f0fbf7a962d6a46ae292dc056c65d16a8ee9361f3cfbafd4c197ab14", size = 4192382, upload-time = "2025-12-06T17:34:43.279Z" },
    { url = "https://files.pythonhosted.org/packages/fa/d0/c20f4e668e89494972e551c31be2a0016e3f50d552d7ae9ac07086407599/psycopg_binary-3.3.2-cp314-cp314-musllinux_1_2_riscv64.whl", hash = "sha256:1586e220be05547c77afc326741dd41cc7fba38a81f9931f616ae98865439678", size = 3928660, upload-time = "2025-12-06T17:34:46.757Z" },
    { url = "https://files.pythonhosted.org/packages/0f/e1/99746c171de22539fd5eb1c9ca21dc805b54cfae502d7451d237d1dbc349/psycopg_binary-3.3.2-cp314-cp314-musllinux_1_2_x86_64.whl", hash = "sha256:458696a5fa5dad5b6fb5d5862c22454434ce4fe1cf66ca6c0de5f904cbc1ae3e", size = 4239169, upload-time = "2025-12-06T17:34:49.751Z" },
    { url = "https://files.pythonhosted.org/packages/72/f7/212343c1c9cfac35fd943c527af85e9091d633176e2a407a0797856ff7b9/psycopg_binary-3.3.2-cp314-cp314-win_amd64.whl", hash = "sha256:04bb2de4ba69d6f8395b446ede795e8884c040ec71d01dd07ac2b2d18d4153d1", size = 3642122, upload-time = "2025-12-06T17:34:52.506Z" },
]

[[package]]
name = "pydantic"
version = "2.11.10"
source = { registry = "https://pypi.org/simple" }
dependencies = [
    { name = "annotated-types" },
    { name = "pydantic-core" },
    { name = "typing-extensions" },
    { name = "typing-inspection" },
]
sdist = { url = "https://files.pythonhosted.org/packages/ae/54/ecab642b3bed45f7d5f59b38443dcb36ef50f85af192e6ece103dbfe9587/pydantic-2.11.10.tar.gz", hash = "sha256:dc280f0982fbda6c38fada4e476dc0a4f3aeaf9c6ad4c28df68a666ec3c61423", size = 788494, upload-time = "2025-10-04T10:40:41.338Z" }
wheels = [
    { url = "https://files.pythonhosted.org/packages/bd/1f/73c53fcbfb0b5a78f91176df41945ca466e71e9d9d836e5c522abda39ee7/pydantic-2.11.10-py3-none-any.whl", hash = "sha256:802a655709d49bd004c31e865ef37da30b540786a46bfce02333e0e24b5fe29a", size = 444823, upload-time = "2025-10-04T10:40:39.055Z" },
]

[[package]]
name = "pydantic-core"
version = "2.33.2"
source = { registry = "https://pypi.org/simple" }
dependencies = [
    { name = "typing-extensions" },
]
sdist = { url = "https://files.pythonhosted.org/packages/ad/88/5f2260bdfae97aabf98f1778d43f69574390ad787afb646292a638c923d4/pydantic_core-2.33.2.tar.gz", hash = "sha256:7cb8bc3605c29176e1b105350d2e6474142d7c1bd1d9327c4a9bdb46bf827acc", size = 435195, upload-time = "2025-04-23T18:33:52.104Z" }
wheels = [
    { url = "https://files.pythonhosted.org/packages/18/8a/2b41c97f554ec8c71f2a8a5f85cb56a8b0956addfe8b0efb5b3d77e8bdc3/pydantic_core-2.33.2-cp312-cp312-macosx_10_12_x86_64.whl", hash = "sha256:a7ec89dc587667f22b6a0b6579c249fca9026ce7c333fc142ba42411fa243cdc", size = 2009000, upload-time = "2025-04-23T18:31:25.863Z" },
    { url = "https://files.pythonhosted.org/packages/a1/02/6224312aacb3c8ecbaa959897af57181fb6cf3a3d7917fd44d0f2917e6f2/pydantic_core-2.33.2-cp312-cp312-macosx_11_0_arm64.whl", hash = "sha256:3c6db6e52c6d70aa0d00d45cdb9b40f0433b96380071ea80b09277dba021ddf7", size = 1847996, upload-time = "2025-04-23T18:31:27.341Z" },
    { url = "https://files.pythonhosted.org/packages/d6/46/6dcdf084a523dbe0a0be59d054734b86a981726f221f4562aed313dbcb49/pydantic_core-2.33.2-cp312-cp312-manylinux_2_17_aarch64.manylinux2014_aarch64.whl", hash = "sha256:4e61206137cbc65e6d5256e1166f88331d3b6238e082d9f74613b9b765fb9025", size = 1880957, upload-time = "2025-04-23T18:31:28.956Z" },
    { url = "https://files.pythonhosted.org/packages/ec/6b/1ec2c03837ac00886ba8160ce041ce4e325b41d06a034adbef11339ae422/pydantic_core-2.33.2-cp312-cp312-manylinux_2_17_armv7l.manylinux2014_armv7l.whl", hash = "sha256:eb8c529b2819c37140eb51b914153063d27ed88e3bdc31b71198a198e921e011", size = 1964199, upload-time = "2025-04-23T18:31:31.025Z" },
    { url = "https://files.pythonhosted.org/packages/2d/1d/6bf34d6adb9debd9136bd197ca72642203ce9aaaa85cfcbfcf20f9696e83/pydantic_core-2.33.2-cp312-cp312-manylinux_2_17_ppc64le.manylinux2014_ppc64le.whl", hash = "sha256:c52b02ad8b4e2cf14ca7b3d918f3eb0ee91e63b3167c32591e57c4317e134f8f", size = 2120296, upload-time = "2025-04-23T18:31:32.514Z" },
    { url = "https://files.pythonhosted.org/packages/e0/94/2bd0aaf5a591e974b32a9f7123f16637776c304471a0ab33cf263cf5591a/pydantic_core-2.33.2-cp312-cp312-manylinux_2_17_s390x.manylinux2014_s390x.whl", hash = "sha256:96081f1605125ba0855dfda83f6f3df5ec90c61195421ba72223de35ccfb2f88", size = 2676109, upload-time = "2025-04-23T18:31:33.958Z" },
    { url = "https://files.pythonhosted.org/packages/f9/41/4b043778cf9c4285d59742281a769eac371b9e47e35f98ad321349cc5d61/pydantic_core-2.33.2-cp312-cp312-manylinux_2_17_x86_64.manylinux2014_x86_64.whl", hash = "sha256:8f57a69461af2a5fa6e6bbd7a5f60d3b7e6cebb687f55106933188e79ad155c1", size = 2002028, upload-time = "2025-04-23T18:31:39.095Z" },
    { url = "https://files.pythonhosted.org/packages/cb/d5/7bb781bf2748ce3d03af04d5c969fa1308880e1dca35a9bd94e1a96a922e/pydantic_core-2.33.2-cp312-cp312-manylinux_2_5_i686.manylinux1_i686.whl", hash = "sha256:572c7e6c8bb4774d2ac88929e3d1f12bc45714ae5ee6d9a788a9fb35e60bb04b", size = 2100044, upload-time = "2025-04-23T18:31:41.034Z" },
    { url = "https://files.pythonhosted.org/packages/fe/36/def5e53e1eb0ad896785702a5bbfd25eed546cdcf4087ad285021a90ed53/pydantic_core-2.33.2-cp312-cp312-musllinux_1_1_aarch64.whl", hash = "sha256:db4b41f9bd95fbe5acd76d89920336ba96f03e149097365afe1cb092fceb89a1", size = 2058881, upload-time = "2025-04-23T18:31:42.757Z" },
    { url = "https://files.pythonhosted.org/packages/01/6c/57f8d70b2ee57fc3dc8b9610315949837fa8c11d86927b9bb044f8705419/pydantic_core-2.33.2-cp312-cp312-musllinux_1_1_armv7l.whl", hash = "sha256:fa854f5cf7e33842a892e5c73f45327760bc7bc516339fda888c75ae60edaeb6", size = 2227034, upload-time = "2025-04-23T18:31:44.304Z" },
    { url = "https://files.pythonhosted.org/packages/27/b9/9c17f0396a82b3d5cbea4c24d742083422639e7bb1d5bf600e12cb176a13/pydantic_core-2.33.2-cp312-cp312-musllinux_1_1_x86_64.whl", hash = "sha256:5f483cfb75ff703095c59e365360cb73e00185e01aaea067cd19acffd2ab20ea", size = 2234187, upload-time = "2025-04-23T18:31:45.891Z" },
    { url = "https://files.pythonhosted.org/packages/b0/6a/adf5734ffd52bf86d865093ad70b2ce543415e0e356f6cacabbc0d9ad910/pydantic_core-2.33.2-cp312-cp312-win32.whl", hash = "sha256:9cb1da0f5a471435a7bc7e439b8a728e8b61e59784b2af70d7c169f8dd8ae290", size = 1892628, upload-time = "2025-04-23T18:31:47.819Z" },
    { url = "https://files.pythonhosted.org/packages/43/e4/5479fecb3606c1368d496a825d8411e126133c41224c1e7238be58b87d7e/pydantic_core-2.33.2-cp312-cp312-win_amd64.whl", hash = "sha256:f941635f2a3d96b2973e867144fde513665c87f13fe0e193c158ac51bfaaa7b2", size = 1955866, upload-time = "2025-04-23T18:31:49.635Z" },
    { url = "https://files.pythonhosted.org/packages/0d/24/8b11e8b3e2be9dd82df4b11408a67c61bb4dc4f8e11b5b0fc888b38118b5/pydantic_core-2.33.2-cp312-cp312-win_arm64.whl", hash = "sha256:cca3868ddfaccfbc4bfb1d608e2ccaaebe0ae628e1416aeb9c4d88c001bb45ab", size = 1888894, upload-time = "2025-04-23T18:31:51.609Z" },
    { url = "https://files.pythonhosted.org/packages/46/8c/99040727b41f56616573a28771b1bfa08a3d3fe74d3d513f01251f79f172/pydantic_core-2.33.2-cp313-cp313-macosx_10_12_x86_64.whl", hash = "sha256:1082dd3e2d7109ad8b7da48e1d4710c8d06c253cbc4a27c1cff4fbcaa97a9e3f", size = 2015688, upload-time = "2025-04-23T18:31:53.175Z" },
    { url = "https://files.pythonhosted.org/packages/3a/cc/5999d1eb705a6cefc31f0b4a90e9f7fc400539b1a1030529700cc1b51838/pydantic_core-2.33.2-cp313-cp313-macosx_11_0_arm64.whl", hash = "sha256:f517ca031dfc037a9c07e748cefd8d96235088b83b4f4ba8939105d20fa1dcd6", size = 1844808, upload-time = "2025-04-23T18:31:54.79Z" },
    { url = "https://files.pythonhosted.org/packages/6f/5e/a0a7b8885c98889a18b6e376f344da1ef323d270b44edf8174d6bce4d622/pydantic_core-2.33.2-cp313-cp313-manylinux_2_17_aarch64.manylinux2014_aarch64.whl", hash = "sha256:0a9f2c9dd19656823cb8250b0724ee9c60a82f3cdf68a080979d13092a3b0fef", size = 1885580, upload-time = "2025-04-23T18:31:57.393Z" },
    { url = "https://files.pythonhosted.org/packages/3b/2a/953581f343c7d11a304581156618c3f592435523dd9d79865903272c256a/pydantic_core-2.33.2-cp313-cp313-manylinux_2_17_armv7l.manylinux2014_armv7l.whl", hash = "sha256:2b0a451c263b01acebe51895bfb0e1cc842a5c666efe06cdf13846c7418caa9a", size = 1973859, upload-time = "2025-04-23T18:31:59.065Z" },
    { url = "https://files.pythonhosted.org/packages/e6/55/f1a813904771c03a3f97f676c62cca0c0a4138654107c1b61f19c644868b/pydantic_core-2.33.2-cp313-cp313-manylinux_2_17_ppc64le.manylinux2014_ppc64le.whl", hash = "sha256:1ea40a64d23faa25e62a70ad163571c0b342b8bf66d5fa612ac0dec4f069d916", size = 2120810, upload-time = "2025-04-23T18:32:00.78Z" },
    { url = "https://files.pythonhosted.org/packages/aa/c3/053389835a996e18853ba107a63caae0b9deb4a276c6b472931ea9ae6e48/pydantic_core-2.33.2-cp313-cp313-manylinux_2_17_s390x.manylinux2014_s390x.whl", hash = "sha256:0fb2d542b4d66f9470e8065c5469ec676978d625a8b7a363f07d9a501a9cb36a", size = 2676498, upload-time = "2025-04-23T18:32:02.418Z" },
    { url = "https://files.pythonhosted.org/packages/eb/3c/f4abd740877a35abade05e437245b192f9d0ffb48bbbbd708df33d3cda37/pydantic_core-2.33.2-cp313-cp313-manylinux_2_17_x86_64.manylinux2014_x86_64.whl", hash = "sha256:9fdac5d6ffa1b5a83bca06ffe7583f5576555e6c8b3a91fbd25ea7780f825f7d", size = 2000611, upload-time = "2025-04-23T18:32:04.152Z" },
    { url = "https://files.pythonhosted.org/packages/59/a7/63ef2fed1837d1121a894d0ce88439fe3e3b3e48c7543b2a4479eb99c2bd/pydantic_core-2.33.2-cp313-cp313-manylinux_2_5_i686.manylinux1_i686.whl", hash = "sha256:04a1a413977ab517154eebb2d326da71638271477d6ad87a769102f7c2488c56", size = 2107924, upload-time = "2025-04-23T18:32:06.129Z" },
    { url = "https://files.pythonhosted.org/packages/04/8f/2551964ef045669801675f1cfc3b0d74147f4901c3ffa42be2ddb1f0efc4/pydantic_core-2.33.2-cp313-cp313-musllinux_1_1_aarch64.whl", hash = "sha256:c8e7af2f4e0194c22b5b37205bfb293d166a7344a5b0d0eaccebc376546d77d5", size = 2063196, upload-time = "2025-04-23T18:32:08.178Z" },
    { url = "https://files.pythonhosted.org/packages/26/bd/d9602777e77fc6dbb0c7db9ad356e9a985825547dce5ad1d30ee04903918/pydantic_core-2.33.2-cp313-cp313-musllinux_1_1_armv7l.whl", hash = "sha256:5c92edd15cd58b3c2d34873597a1e20f13094f59cf88068adb18947df5455b4e", size = 2236389, upload-time = "2025-04-23T18:32:10.242Z" },
    { url = "https://files.pythonhosted.org/packages/42/db/0e950daa7e2230423ab342ae918a794964b053bec24ba8af013fc7c94846/pydantic_core-2.33.2-cp313-cp313-musllinux_1_1_x86_64.whl", hash = "sha256:65132b7b4a1c0beded5e057324b7e16e10910c106d43675d9bd87d4f38dde162", size = 2239223, upload-time = "2025-04-23T18:32:12.382Z" },
    { url = "https://files.pythonhosted.org/packages/58/4d/4f937099c545a8a17eb52cb67fe0447fd9a373b348ccfa9a87f141eeb00f/pydantic_core-2.33.2-cp313-cp313-win32.whl", hash = "sha256:52fb90784e0a242bb96ec53f42196a17278855b0f31ac7c3cc6f5c1ec4811849", size = 1900473, upload-time = "2025-04-23T18:32:14.034Z" },
    { url = "https://files.pythonhosted.org/packages/a0/75/4a0a9bac998d78d889def5e4ef2b065acba8cae8c93696906c3a91f310ca/pydantic_core-2.33.2-cp313-cp313-win_amd64.whl", hash = "sha256:c083a3bdd5a93dfe480f1125926afcdbf2917ae714bdb80b36d34318b2bec5d9", size = 1955269, upload-time = "2025-04-23T18:32:15.783Z" },
    { url = "https://files.pythonhosted.org/packages/f9/86/1beda0576969592f1497b4ce8e7bc8cbdf614c352426271b1b10d5f0aa64/pydantic_core-2.33.2-cp313-cp313-win_arm64.whl", hash = "sha256:e80b087132752f6b3d714f041ccf74403799d3b23a72722ea2e6ba2e892555b9", size = 1893921, upload-time = "2025-04-23T18:32:18.473Z" },
    { url = "https://files.pythonhosted.org/packages/a4/7d/e09391c2eebeab681df2b74bfe6c43422fffede8dc74187b2b0bf6fd7571/pydantic_core-2.33.2-cp313-cp313t-macosx_11_0_arm64.whl", hash = "sha256:61c18fba8e5e9db3ab908620af374db0ac1baa69f0f32df4f61ae23f15e586ac", size = 1806162, upload-time = "2025-04-23T18:32:20.188Z" },
    { url = "https://files.pythonhosted.org/packages/f1/3d/847b6b1fed9f8ed3bb95a9ad04fbd0b212e832d4f0f50ff4d9ee5a9f15cf/pydantic_core-2.33.2-cp313-cp313t-manylinux_2_17_x86_64.manylinux2014_x86_64.whl", hash = "sha256:95237e53bb015f67b63c91af7518a62a8660376a6a0db19b89acc77a4d6199f5", size = 1981560, upload-time = "2025-04-23T18:32:22.354Z" },
    { url = "https://files.pythonhosted.org/packages/6f/9a/e73262f6c6656262b5fdd723ad90f518f579b7bc8622e43a942eec53c938/pydantic_core-2.33.2-cp313-cp313t-win_amd64.whl", hash = "sha256:c2fc0a768ef76c15ab9238afa6da7f69895bb5d1ee83aeea2e3509af4472d0b9", size = 1935777, upload-time = "2025-04-23T18:32:25.088Z" },
]

[[package]]
name = "sqlparse"
version = "0.5.5"
source = { registry = "https://pypi.org/simple" }
sdist = { url = "https://files.pythonhosted.org/packages/90/76/437d71068094df0726366574cf3432a4ed754217b436eb7429415cf2d480/sqlparse-0.5.5.tar.gz", hash = "sha256:e20d4a9b0b8585fdf63b10d30066c7c94c5d7a7ec47c889a2d83a3caa93ff28e", size = 120815, upload-time = "2025-12-19T07:17:45.073Z" }
wheels = [
    { url = "https://files.pythonhosted.org/packages/49/4b/359f28a903c13438ef59ebeee215fb25da53066db67b305c125f1c6d2a25/sqlparse-0.5.5-py3-none-any.whl", hash = "sha256:12a08b3bf3eec877c519589833aed092e2444e68240a3577e8e26148acc7b1ba", size = 46138, upload-time = "2025-12-19T07:17:46.573Z" },
]

[[package]]
name = "typing-extensions"
version = "4.15.0"
source = { registry = "https://pypi.org/simple" }
sdist = { url = "https://files.pythonhosted.org/packages/72/94/1a15dd82efb362ac84269196e94cf00f187f7ed21c242792a923cdb1c61f/typing_extensions-4.15.0.tar.gz", hash = "sha256:0cea48d173cc12fa28ecabc3b837ea3cf6f38c6d1136f85cbaaf598984861466", size = 109391, upload-time = "2025-08-25T13:49:26.313Z" }
wheels = [
    { url = "https://files.pythonhosted.org/packages/18/67/36e9267722cc04a6b9f15c7f3441c2363321a3ea07da7ae0c0707beb2a9c/typing_extensions-4.15.0-py3-none-any.whl", hash = "sha256:f0fa19c6845758ab08074a0cfa8b7aecb71c999ca73d62883bc25cc018c4e548", size = 44614, upload-time = "2025-08-25T13:49:24.86Z" },
]

[[package]]
name = "typing-inspection"
version = "0.4.2"
source = { registry = "https://pypi.org/simple" }
dependencies = [
    { name = "typing-extensions" },
]
sdist = { url = "https://files.pythonhosted.org/packages/55/e3/70399cb7dd41c10ac53367ae42139cf4b1ca5f36bb3dc6c9d33acdb43655/typing_inspection-0.4.2.tar.gz", hash = "sha256:ba561c48a67c5958007083d386c3295464928b01faa735ab8547c5692e87f464", size = 75949, upload-time = "2025-10-01T02:14:41.687Z" }
wheels = [
    { url = "https://files.pythonhosted.org/packages/dc/9b/47798a6c91d8bdb567fe2698fe81e0c6b7cb7ef4d13da4114b41d239f65d/typing_inspection-0.4.2-py3-none-any.whl", hash = "sha256:4ed1cacbdc298c220f1bd249ed5287caa16f34d44ef4e9c3d0cbad5b521545e7", size = 14611, upload-time = "2025-10-01T02:14:40.154Z" },
]

[[package]]
name = "tzdata"
version = "2025.3"
source = { registry = "https://pypi.org/simple" }
sdist = { url = "https://files.pythonhosted.org/packages/5e/a7/c202b344c5ca7daf398f3b8a477eeb205cf3b6f32e7ec3a6bac0629ca975/tzdata-2025.3.tar.gz", hash = "sha256:de39c2ca5dc7b0344f2eba86f49d614019d29f060fc4ebc8a417896a620b56a7", size = 196772, upload-time = "2025-12-13T17:45:35.667Z" }
wheels = [
    { url = "https://files.pythonhosted.org/packages/c7/b0/003792df09decd6849a5e39c28b513c06e84436a54440380862b5aeff25d/tzdata-2025.3-py2.py3-none-any.whl", hash = "sha256:06a47e5700f3081aab02b2e513160914ff0694bce9947d6b76ebd6bf57cfc5d1", size = 348521, upload-time = "2025-12-13T17:45:33.889Z" },
]
